
Microsoft Visual Studio Solution File, Format Version 12.00
# Visual Studio 15
VisualStudioVersion = 15.0.27130.2036
MinimumVisualStudioVersion = 10.0.40219.1
Project("{FAE04EC0-301F-11D3-BF4B-00C04F79EFBC}") = "Study01", "Study01\Study01.csproj", "{E0BF1BA1-FEAF-4035-8E73-918CEFBBEBBE}"
EndProject
Global
	GlobalSection(SolutionConfigurationPlatforms) = preSolution
		Debug|Any CPU = Debug|Any CPU
		Release|Any CPU = Release|Any CPU
	EndGlobalSection
	GlobalSection(ProjectConfigurationPlatforms) = postSolution
		{E0BF1BA1-FEAF-4035-8E73-918CEFBBEBBE}.Debug|Any CPU.ActiveCfg = Debug|Any CPU
		{E0BF1BA1-FEAF-4035-8E73-918CEFBBEBBE}.Debug|Any CPU.Build.0 = Debug|Any CPU
		{E0BF1BA1-FEAF-4035-8E73-918CEFBBEBBE}.Release|Any CPU.ActiveCfg = Release|Any CPU
		{E0BF1BA1-FEAF-4035-8E73-918CEFBBEBBE}.Release|Any CPU.Build.0 = Release|Any CPU
	EndGlobalSection
	GlobalSection(SolutionProperties) = preSolution
		HideSolutionNode = FALSE
	EndGlobalSection
	GlobalSection(ExtensibilityGlobals) = postSolution
		SolutionGuid = {8E62AD98-56A4-493B-B76B-7145F2B46AC7}
	EndGlobalSection
EndGlobal
