
Microsoft Visual Studio Solution File, Format Version 12.00
# Visual Studio 15
VisualStudioVersion = 15.0.27130.2036
MinimumVisualStudioVersion = 10.0.40219.1
Project("{FAE04EC0-301F-11D3-BF4B-00C04F79EFBC}") = "Threading_part1", "Threading_part1\Threading_part1.csproj", "{C3135D8F-9330-4C6C-B9EB-AB4F39CA6FE6}"
EndProject
Global
	GlobalSection(SolutionConfigurationPlatforms) = preSolution
		Debug|Any CPU = Debug|Any CPU
		Release|Any CPU = Release|Any CPU
	EndGlobalSection
	GlobalSection(ProjectConfigurationPlatforms) = postSolution
		{C3135D8F-9330-4C6C-B9EB-AB4F39CA6FE6}.Debug|Any CPU.ActiveCfg = Debug|Any CPU
		{C3135D8F-9330-4C6C-B9EB-AB4F39CA6FE6}.Debug|Any CPU.Build.0 = Debug|Any CPU
		{C3135D8F-9330-4C6C-B9EB-AB4F39CA6FE6}.Release|Any CPU.ActiveCfg = Release|Any CPU
		{C3135D8F-9330-4C6C-B9EB-AB4F39CA6FE6}.Release|Any CPU.Build.0 = Release|Any CPU
	EndGlobalSection
	GlobalSection(SolutionProperties) = preSolution
		HideSolutionNode = FALSE
	EndGlobalSection
	GlobalSection(ExtensibilityGlobals) = postSolution
		SolutionGuid = {BE37BCC7-0744-4C0C-A165-7058BEEB967D}
	EndGlobalSection
EndGlobal
